
Microsoft Visual Studio Solution File, Format Version 12.00
# Visual Studio Version 16
VisualStudioVersion = 16.0.29920.165
MinimumVisualStudioVersion = 10.0.40219.1
Project("{9A19103F-16F7-4668-BE54-9A1E7A4F7556}") = "VariablesAndMethods", "Methods\VariablesAndMethods.csproj", "{C1C05884-DEE1-4F10-8776-647E5BA509E2}"
EndProject
Project("{9A19103F-16F7-4668-BE54-9A1E7A4F7556}") = "VariablesMethodsChallenge", "VariablesMethodsChallenge\VariablesMethodsChallenge.csproj", "{B6A16B97-7460-4724-95E9-8AC4E0D926ED}"
EndProject
Project("{9A19103F-16F7-4668-BE54-9A1E7A4F7556}") = "ClassesAndNamespaces", "ClassesAndNamespaces\ClassesAndNamespaces.csproj", "{CD535984-DE4A-437F-BBF5-A1BB89A54944}"
EndProject
Project("{9A19103F-16F7-4668-BE54-9A1E7A4F7556}") = "BringingItAllTogether", "BringingItAllTogether\BringingItAllTogether.csproj", "{47421A92-3435-41E2-AE58-1884FE2FCF64}"
EndProject
Project("{FAE04EC0-301F-11D3-BF4B-00C04F79EFBC}") = "OverloadedMethods", "OverloadedMethods\OverloadedMethods.csproj", "{D3335207-64DC-4CA0-B790-C0B9E7B8042C}"
EndProject
Project("{FAE04EC0-301F-11D3-BF4B-00C04F79EFBC}") = "Inheritance", "Inheritance\Inheritance.csproj", "{04ED0AA0-C8E9-4504-8F39-4D2B3316775A}"
EndProject
Global
	GlobalSection(SolutionConfigurationPlatforms) = preSolution
		Debug|Any CPU = Debug|Any CPU
		Release|Any CPU = Release|Any CPU
	EndGlobalSection
	GlobalSection(ProjectConfigurationPlatforms) = postSolution
		{C1C05884-DEE1-4F10-8776-647E5BA509E2}.Debug|Any CPU.ActiveCfg = Debug|Any CPU
		{C1C05884-DEE1-4F10-8776-647E5BA509E2}.Debug|Any CPU.Build.0 = Debug|Any CPU
		{C1C05884-DEE1-4F10-8776-647E5BA509E2}.Release|Any CPU.ActiveCfg = Release|Any CPU
		{C1C05884-DEE1-4F10-8776-647E5BA509E2}.Release|Any CPU.Build.0 = Release|Any CPU
		{B6A16B97-7460-4724-95E9-8AC4E0D926ED}.Debug|Any CPU.ActiveCfg = Debug|Any CPU
		{B6A16B97-7460-4724-95E9-8AC4E0D926ED}.Debug|Any CPU.Build.0 = Debug|Any CPU
		{B6A16B97-7460-4724-95E9-8AC4E0D926ED}.Release|Any CPU.ActiveCfg = Release|Any CPU
		{B6A16B97-7460-4724-95E9-8AC4E0D926ED}.Release|Any CPU.Build.0 = Release|Any CPU
		{CD535984-DE4A-437F-BBF5-A1BB89A54944}.Debug|Any CPU.ActiveCfg = Debug|Any CPU
		{CD535984-DE4A-437F-BBF5-A1BB89A54944}.Debug|Any CPU.Build.0 = Debug|Any CPU
		{CD535984-DE4A-437F-BBF5-A1BB89A54944}.Release|Any CPU.ActiveCfg = Release|Any CPU
		{CD535984-DE4A-437F-BBF5-A1BB89A54944}.Release|Any CPU.Build.0 = Release|Any CPU
		{47421A92-3435-41E2-AE58-1884FE2FCF64}.Debug|Any CPU.ActiveCfg = Debug|Any CPU
		{47421A92-3435-41E2-AE58-1884FE2FCF64}.Debug|Any CPU.Build.0 = Debug|Any CPU
		{47421A92-3435-41E2-AE58-1884FE2FCF64}.Release|Any CPU.ActiveCfg = Release|Any CPU
		{47421A92-3435-41E2-AE58-1884FE2FCF64}.Release|Any CPU.Build.0 = Release|Any CPU
		{D3335207-64DC-4CA0-B790-C0B9E7B8042C}.Debug|Any CPU.ActiveCfg = Debug|Any CPU
		{D3335207-64DC-4CA0-B790-C0B9E7B8042C}.Debug|Any CPU.Build.0 = Debug|Any CPU
		{D3335207-64DC-4CA0-B790-C0B9E7B8042C}.Release|Any CPU.ActiveCfg = Release|Any CPU
		{D3335207-64DC-4CA0-B790-C0B9E7B8042C}.Release|Any CPU.Build.0 = Release|Any CPU
		{04ED0AA0-C8E9-4504-8F39-4D2B3316775A}.Debug|Any CPU.ActiveCfg = Debug|Any CPU
		{04ED0AA0-C8E9-4504-8F39-4D2B3316775A}.Debug|Any CPU.Build.0 = Debug|Any CPU
		{04ED0AA0-C8E9-4504-8F39-4D2B3316775A}.Release|Any CPU.ActiveCfg = Release|Any CPU
		{04ED0AA0-C8E9-4504-8F39-4D2B3316775A}.Release|Any CPU.Build.0 = Release|Any CPU
	EndGlobalSection
	GlobalSection(SolutionProperties) = preSolution
		HideSolutionNode = FALSE
	EndGlobalSection
	GlobalSection(ExtensibilityGlobals) = postSolution
		SolutionGuid = {D11A5B89-FEF9-4806-899D-5F41761E4AB5}
	EndGlobalSection
EndGlobal
